
Microsoft Visual Studio Solution File, Format Version 12.00
# Visual Studio Version 16
VisualStudioVersion = 16.0.30907.101
MinimumVisualStudioVersion = 10.0.40219.1
Project("{FAE04EC0-301F-11D3-BF4B-00C04F79EFBC}") = "Stock", "Stock.csproj", "{6801CE44-87F1-4DD6-B5DA-D435DCA4A8F5}"
EndProject
Global
	GlobalSection(SolutionConfigurationPlatforms) = preSolution
		Debug|Any CPU = Debug|Any CPU
		Release|Any CPU = Release|Any CPU
	EndGlobalSection
	GlobalSection(ProjectConfigurationPlatforms) = postSolution
		{6801CE44-87F1-4DD6-B5DA-D435DCA4A8F5}.Debug|Any CPU.ActiveCfg = Debug|Any CPU
		{6801CE44-87F1-4DD6-B5DA-D435DCA4A8F5}.Debug|Any CPU.Build.0 = Debug|Any CPU
		{6801CE44-87F1-4DD6-B5DA-D435DCA4A8F5}.Release|Any CPU.ActiveCfg = Release|Any CPU
		{6801CE44-87F1-4DD6-B5DA-D435DCA4A8F5}.Release|Any CPU.Build.0 = Release|Any CPU
	EndGlobalSection
	GlobalSection(SolutionProperties) = preSolution
		HideSolutionNode = FALSE
	EndGlobalSection
	GlobalSection(ExtensibilityGlobals) = postSolution
		SolutionGuid = {5746627C-16C3-43CC-A6A5-B17A20BB4A76}
	EndGlobalSection
EndGlobal
